
Microsoft Visual Studio Solution File, Format Version 12.00
# Visual Studio 15
VisualStudioVersion = 15.0.27703.2026
MinimumVisualStudioVersion = 10.0.40219.1
Project("{FAE04EC0-301F-11D3-BF4B-00C04F79EFBC}") = "WebApplication1", "WebApplication1\WebApplication1.csproj", "{DB6462CA-D717-4F61-B6EB-919D452C04D6}"
EndProject
Global
	GlobalSection(SolutionConfigurationPlatforms) = preSolution
		Debug|Any CPU = Debug|Any CPU
		Release|Any CPU = Release|Any CPU
	EndGlobalSection
	GlobalSection(ProjectConfigurationPlatforms) = postSolution
		{DB6462CA-D717-4F61-B6EB-919D452C04D6}.Debug|Any CPU.ActiveCfg = Debug|Any CPU
		{DB6462CA-D717-4F61-B6EB-919D452C04D6}.Debug|Any CPU.Build.0 = Debug|Any CPU
		{DB6462CA-D717-4F61-B6EB-919D452C04D6}.Release|Any CPU.ActiveCfg = Release|Any CPU
		{DB6462CA-D717-4F61-B6EB-919D452C04D6}.Release|Any CPU.Build.0 = Release|Any CPU
	EndGlobalSection
	GlobalSection(SolutionProperties) = preSolution
		HideSolutionNode = FALSE
	EndGlobalSection
	GlobalSection(ExtensibilityGlobals) = postSolution
		SolutionGuid = {C3EDF2E5-AE6A-4407-BF6E-90D5B473A7C8}
	EndGlobalSection
EndGlobal
